
Microsoft Visual Studio Solution File, Format Version 12.00
# Visual Studio Version 17
VisualStudioVersion = 17.14.36915.13
MinimumVisualStudioVersion = 10.0.40219.1
Project("{2150E333-8FDC-42A3-9474-1A3956D46DE8}") = "src", "src", "{02EA681E-C7D8-13C7-8484-4AC65E1B71E8}"
EndProject
Project("{2150E333-8FDC-42A3-9474-1A3956D46DE8}") = "services", "services", "{1175E34A-407D-401E-A392-9CA5F2612552}"
EndProject
Project("{2150E333-8FDC-42A3-9474-1A3956D46DE8}") = "catalog", "catalog", "{4D129084-D074-4907-8371-F90D48F66A3F}"
EndProject
Project("{FAE04EC0-301F-11D3-BF4B-00C04F79EFBC}") = "Course.Catalog.API", "Course.Catalog.API\Course.Catalog.API.csproj", "{76714EE7-43E9-4D8C-8E43-D8F074DBF88F}"
EndProject
Project("{E53339B2-1760-4266-BCC7-CA923CBCF16C}") = "docker-compose", "docker-compose.dcproj", "{81DDED9D-158B-E303-5F62-77A2896D2A5A}"
EndProject
Project("{2150E333-8FDC-42A3-9474-1A3956D46DE8}") = "shared", "shared", "{DFD7FFE9-F0A9-4C7E-AE1B-40D7A39353C1}"
EndProject
Project("{2150E333-8FDC-42A3-9474-1A3956D46DE8}") = "basket", "basket", "{0425DA92-DF63-43AC-A775-365F9380BB6B}"
EndProject
Project("{FAE04EC0-301F-11D3-BF4B-00C04F79EFBC}") = "Course.Basket.API", "Course.Basket.API\Course.Basket.API.csproj", "{DA34331E-F896-46DE-6A57-B2950DD4C670}"
EndProject
Project("{FAE04EC0-301F-11D3-BF4B-00C04F79EFBC}") = "Course.Shared", "Course.Shared\Course.Shared.csproj", "{2B09F7C7-B0B0-D010-4CCB-9637E513BE08}"
EndProject
Project("{2150E333-8FDC-42A3-9474-1A3956D46DE8}") = "discount", "discount", "{FDCFF1A6-0C08-4D75-A897-884CA08DEA37}"
EndProject
Project("{FAE04EC0-301F-11D3-BF4B-00C04F79EFBC}") = "Course.Discount.API", "Course.Discount.API\Course.Discount.API.csproj", "{8B402B1B-68EE-4B9A-B64A-482922BBBD32}"
EndProject
Project("{2150E333-8FDC-42A3-9474-1A3956D46DE8}") = "file", "file", "{9AD2D434-32F0-432D-B57E-02215583CCF2}"
EndProject
Project("{FAE04EC0-301F-11D3-BF4B-00C04F79EFBC}") = "Course.File.API", "Course.File.API\Course.File.API.csproj", "{971DB256-5A99-4FC0-846D-0F001F43CE00}"
EndProject
Project("{2150E333-8FDC-42A3-9474-1A3956D46DE8}") = "order", "order", "{020D0495-5BA0-4EC4-9211-D37792B5B457}"
EndProject
Project("{2150E333-8FDC-42A3-9474-1A3956D46DE8}") = "api", "api", "{186F90B7-0FD5-405A-AB4C-143CDDC940F8}"
EndProject
Project("{2150E333-8FDC-42A3-9474-1A3956D46DE8}") = "core", "core", "{97564D78-49E9-4C5D-B3B4-870FEBFC80C7}"
EndProject
Project("{2150E333-8FDC-42A3-9474-1A3956D46DE8}") = "infrastracture", "infrastracture", "{AC7B009F-EF18-4301-BBBC-6BC0D94A48CA}"
EndProject
Project("{FAE04EC0-301F-11D3-BF4B-00C04F79EFBC}") = "Course.Order.API", "Course.Order.API\Course.Order.API.csproj", "{C9B16355-A3ED-490E-A259-8B3D122DC797}"
EndProject
Project("{FAE04EC0-301F-11D3-BF4B-00C04F79EFBC}") = "Course.Order.Domain", "Course.Order.Domain\Course.Order.Domain.csproj", "{41500786-67A9-42EC-99DE-F74C07D880DB}"
EndProject
Project("{FAE04EC0-301F-11D3-BF4B-00C04F79EFBC}") = "Course.Order.Application", "Course.Order.Application\Course.Order.Application.csproj", "{DA71C1DE-6B0D-4992-8792-5A04C5BF2F53}"
EndProject
Project("{FAE04EC0-301F-11D3-BF4B-00C04F79EFBC}") = "Course.Order.Persistence", "Course.Order.Persistance\Course.Order.Persistence.csproj", "{C6140ED9-438B-4F8E-8377-B8B9897884E0}"
EndProject
Project("{2150E333-8FDC-42A3-9474-1A3956D46DE8}") = "payment", "payment", "{B48D963B-50F7-43FC-8796-E9AF1507FD22}"
EndProject
Project("{FAE04EC0-301F-11D3-BF4B-00C04F79EFBC}") = "Course.Payment.API", "Course.Payment.API\Course.Payment.API.csproj", "{01E2AC07-6DEB-42FE-97DE-6E32DD15AE61}"
EndProject
Project("{2150E333-8FDC-42A3-9474-1A3956D46DE8}") = "gateway", "gateway", "{447B388C-FB69-4B1B-9DA2-6DE9A1B6521F}"
EndProject
Project("{FAE04EC0-301F-11D3-BF4B-00C04F79EFBC}") = "Course.Gateway", "Course.Gateway\Course.Gateway.csproj", "{08DBD85D-4A8F-40F4-B894-91F5805DD820}"
EndProject
Project("{FAE04EC0-301F-11D3-BF4B-00C04F79EFBC}") = "Course.Bus", "Course.Bus\Course.Bus.csproj", "{B839E933-A93F-4A9A-812C-51BCC4017A7C}"
EndProject
Global
	GlobalSection(SolutionConfigurationPlatforms) = preSolution
		Debug|Any CPU = Debug|Any CPU
		Release|Any CPU = Release|Any CPU
	EndGlobalSection
	GlobalSection(ProjectConfigurationPlatforms) = postSolution
		{76714EE7-43E9-4D8C-8E43-D8F074DBF88F}.Debug|Any CPU.ActiveCfg = Debug|Any CPU
		{76714EE7-43E9-4D8C-8E43-D8F074DBF88F}.Debug|Any CPU.Build.0 = Debug|Any CPU
		{76714EE7-43E9-4D8C-8E43-D8F074DBF88F}.Release|Any CPU.ActiveCfg = Release|Any CPU
		{76714EE7-43E9-4D8C-8E43-D8F074DBF88F}.Release|Any CPU.Build.0 = Release|Any CPU
		{81DDED9D-158B-E303-5F62-77A2896D2A5A}.Debug|Any CPU.ActiveCfg = Debug|Any CPU
		{81DDED9D-158B-E303-5F62-77A2896D2A5A}.Debug|Any CPU.Build.0 = Debug|Any CPU
		{81DDED9D-158B-E303-5F62-77A2896D2A5A}.Release|Any CPU.ActiveCfg = Release|Any CPU
		{81DDED9D-158B-E303-5F62-77A2896D2A5A}.Release|Any CPU.Build.0 = Release|Any CPU
		{DA34331E-F896-46DE-6A57-B2950DD4C670}.Debug|Any CPU.ActiveCfg = Debug|Any CPU
		{DA34331E-F896-46DE-6A57-B2950DD4C670}.Debug|Any CPU.Build.0 = Debug|Any CPU
		{DA34331E-F896-46DE-6A57-B2950DD4C670}.Release|Any CPU.ActiveCfg = Release|Any CPU
		{DA34331E-F896-46DE-6A57-B2950DD4C670}.Release|Any CPU.Build.0 = Release|Any CPU
		{2B09F7C7-B0B0-D010-4CCB-9637E513BE08}.Debug|Any CPU.ActiveCfg = Debug|Any CPU
		{2B09F7C7-B0B0-D010-4CCB-9637E513BE08}.Debug|Any CPU.Build.0 = Debug|Any CPU
		{2B09F7C7-B0B0-D010-4CCB-9637E513BE08}.Release|Any CPU.ActiveCfg = Release|Any CPU
		{2B09F7C7-B0B0-D010-4CCB-9637E513BE08}.Release|Any CPU.Build.0 = Release|Any CPU
		{8B402B1B-68EE-4B9A-B64A-482922BBBD32}.Debug|Any CPU.ActiveCfg = Debug|Any CPU
		{8B402B1B-68EE-4B9A-B64A-482922BBBD32}.Debug|Any CPU.Build.0 = Debug|Any CPU
		{8B402B1B-68EE-4B9A-B64A-482922BBBD32}.Release|Any CPU.ActiveCfg = Release|Any CPU
		{8B402B1B-68EE-4B9A-B64A-482922BBBD32}.Release|Any CPU.Build.0 = Release|Any CPU
		{971DB256-5A99-4FC0-846D-0F001F43CE00}.Debug|Any CPU.ActiveCfg = Debug|Any CPU
		{971DB256-5A99-4FC0-846D-0F001F43CE00}.Debug|Any CPU.Build.0 = Debug|Any CPU
		{971DB256-5A99-4FC0-846D-0F001F43CE00}.Release|Any CPU.ActiveCfg = Release|Any CPU
		{971DB256-5A99-4FC0-846D-0F001F43CE00}.Release|Any CPU.Build.0 = Release|Any CPU
		{C9B16355-A3ED-490E-A259-8B3D122DC797}.Debug|Any CPU.ActiveCfg = Debug|Any CPU
		{C9B16355-A3ED-490E-A259-8B3D122DC797}.Debug|Any CPU.Build.0 = Debug|Any CPU
		{C9B16355-A3ED-490E-A259-8B3D122DC797}.Release|Any CPU.ActiveCfg = Release|Any CPU
		{C9B16355-A3ED-490E-A259-8B3D122DC797}.Release|Any CPU.Build.0 = Release|Any CPU
		{41500786-67A9-42EC-99DE-F74C07D880DB}.Debug|Any CPU.ActiveCfg = Debug|Any CPU
		{41500786-67A9-42EC-99DE-F74C07D880DB}.Debug|Any CPU.Build.0 = Debug|Any CPU
		{41500786-67A9-42EC-99DE-F74C07D880DB}.Release|Any CPU.ActiveCfg = Release|Any CPU
		{41500786-67A9-42EC-99DE-F74C07D880DB}.Release|Any CPU.Build.0 = Release|Any CPU
		{DA71C1DE-6B0D-4992-8792-5A04C5BF2F53}.Debug|Any CPU.ActiveCfg = Debug|Any CPU
		{DA71C1DE-6B0D-4992-8792-5A04C5BF2F53}.Debug|Any CPU.Build.0 = Debug|Any CPU
		{DA71C1DE-6B0D-4992-8792-5A04C5BF2F53}.Release|Any CPU.ActiveCfg = Release|Any CPU
		{DA71C1DE-6B0D-4992-8792-5A04C5BF2F53}.Release|Any CPU.Build.0 = Release|Any CPU
		{C6140ED9-438B-4F8E-8377-B8B9897884E0}.Debug|Any CPU.ActiveCfg = Debug|Any CPU
		{C6140ED9-438B-4F8E-8377-B8B9897884E0}.Debug|Any CPU.Build.0 = Debug|Any CPU
		{C6140ED9-438B-4F8E-8377-B8B9897884E0}.Release|Any CPU.ActiveCfg = Release|Any CPU
		{C6140ED9-438B-4F8E-8377-B8B9897884E0}.Release|Any CPU.Build.0 = Release|Any CPU
		{01E2AC07-6DEB-42FE-97DE-6E32DD15AE61}.Debug|Any CPU.ActiveCfg = Debug|Any CPU
		{01E2AC07-6DEB-42FE-97DE-6E32DD15AE61}.Debug|Any CPU.Build.0 = Debug|Any CPU
		{01E2AC07-6DEB-42FE-97DE-6E32DD15AE61}.Release|Any CPU.ActiveCfg = Release|Any CPU
		{01E2AC07-6DEB-42FE-97DE-6E32DD15AE61}.Release|Any CPU.Build.0 = Release|Any CPU
		{08DBD85D-4A8F-40F4-B894-91F5805DD820}.Debug|Any CPU.ActiveCfg = Debug|Any CPU
		{08DBD85D-4A8F-40F4-B894-91F5805DD820}.Debug|Any CPU.Build.0 = Debug|Any CPU
		{08DBD85D-4A8F-40F4-B894-91F5805DD820}.Release|Any CPU.ActiveCfg = Release|Any CPU
		{08DBD85D-4A8F-40F4-B894-91F5805DD820}.Release|Any CPU.Build.0 = Release|Any CPU
		{B839E933-A93F-4A9A-812C-51BCC4017A7C}.Debug|Any CPU.ActiveCfg = Debug|Any CPU
		{B839E933-A93F-4A9A-812C-51BCC4017A7C}.Debug|Any CPU.Build.0 = Debug|Any CPU
		{B839E933-A93F-4A9A-812C-51BCC4017A7C}.Release|Any CPU.ActiveCfg = Release|Any CPU
		{B839E933-A93F-4A9A-812C-51BCC4017A7C}.Release|Any CPU.Build.0 = Release|Any CPU
	EndGlobalSection
	GlobalSection(SolutionProperties) = preSolution
		HideSolutionNode = FALSE
	EndGlobalSection
	GlobalSection(NestedProjects) = preSolution
		{1175E34A-407D-401E-A392-9CA5F2612552} = {02EA681E-C7D8-13C7-8484-4AC65E1B71E8}
		{4D129084-D074-4907-8371-F90D48F66A3F} = {1175E34A-407D-401E-A392-9CA5F2612552}
		{76714EE7-43E9-4D8C-8E43-D8F074DBF88F} = {4D129084-D074-4907-8371-F90D48F66A3F}
		{DFD7FFE9-F0A9-4C7E-AE1B-40D7A39353C1} = {02EA681E-C7D8-13C7-8484-4AC65E1B71E8}
		{0425DA92-DF63-43AC-A775-365F9380BB6B} = {1175E34A-407D-401E-A392-9CA5F2612552}
		{DA34331E-F896-46DE-6A57-B2950DD4C670} = {0425DA92-DF63-43AC-A775-365F9380BB6B}
		{2B09F7C7-B0B0-D010-4CCB-9637E513BE08} = {DFD7FFE9-F0A9-4C7E-AE1B-40D7A39353C1}
		{FDCFF1A6-0C08-4D75-A897-884CA08DEA37} = {1175E34A-407D-401E-A392-9CA5F2612552}
		{8B402B1B-68EE-4B9A-B64A-482922BBBD32} = {FDCFF1A6-0C08-4D75-A897-884CA08DEA37}
		{9AD2D434-32F0-432D-B57E-02215583CCF2} = {1175E34A-407D-401E-A392-9CA5F2612552}
		{971DB256-5A99-4FC0-846D-0F001F43CE00} = {9AD2D434-32F0-432D-B57E-02215583CCF2}
		{020D0495-5BA0-4EC4-9211-D37792B5B457} = {1175E34A-407D-401E-A392-9CA5F2612552}
		{186F90B7-0FD5-405A-AB4C-143CDDC940F8} = {020D0495-5BA0-4EC4-9211-D37792B5B457}
		{97564D78-49E9-4C5D-B3B4-870FEBFC80C7} = {020D0495-5BA0-4EC4-9211-D37792B5B457}
		{AC7B009F-EF18-4301-BBBC-6BC0D94A48CA} = {020D0495-5BA0-4EC4-9211-D37792B5B457}
		{C9B16355-A3ED-490E-A259-8B3D122DC797} = {186F90B7-0FD5-405A-AB4C-143CDDC940F8}
		{41500786-67A9-42EC-99DE-F74C07D880DB} = {97564D78-49E9-4C5D-B3B4-870FEBFC80C7}
		{DA71C1DE-6B0D-4992-8792-5A04C5BF2F53} = {97564D78-49E9-4C5D-B3B4-870FEBFC80C7}
		{C6140ED9-438B-4F8E-8377-B8B9897884E0} = {AC7B009F-EF18-4301-BBBC-6BC0D94A48CA}
		{B48D963B-50F7-43FC-8796-E9AF1507FD22} = {1175E34A-407D-401E-A392-9CA5F2612552}
		{01E2AC07-6DEB-42FE-97DE-6E32DD15AE61} = {B48D963B-50F7-43FC-8796-E9AF1507FD22}
		{447B388C-FB69-4B1B-9DA2-6DE9A1B6521F} = {1175E34A-407D-401E-A392-9CA5F2612552}
		{08DBD85D-4A8F-40F4-B894-91F5805DD820} = {447B388C-FB69-4B1B-9DA2-6DE9A1B6521F}
		{B839E933-A93F-4A9A-812C-51BCC4017A7C} = {DFD7FFE9-F0A9-4C7E-AE1B-40D7A39353C1}
	EndGlobalSection
	GlobalSection(ExtensibilityGlobals) = postSolution
		SolutionGuid = {32293761-C346-4510-B37D-7857CF19CAE0}
	EndGlobalSection
EndGlobal
